
Microsoft Visual Studio Solution File, Format Version 12.00
# Visual Studio Version 16
VisualStudioVersion = 16.0.31005.135
MinimumVisualStudioVersion = 10.0.40219.1
Project("{FAE04EC0-301F-11D3-BF4B-00C04F79EFBC}") = "UserPosts", "UserPosts\UserPosts.csproj", "{93BEB42D-D0C4-4D8A-BA38-96ED10487F44}"
EndProject
Project("{FAE04EC0-301F-11D3-BF4B-00C04F79EFBC}") = "UnitTests", "UnitTests\UnitTests.csproj", "{28015509-7C3A-419F-A866-EC47EE0C38A2}"
EndProject
Global
	GlobalSection(SolutionConfigurationPlatforms) = preSolution
		Debug|Any CPU = Debug|Any CPU
		Release|Any CPU = Release|Any CPU
	EndGlobalSection
	GlobalSection(ProjectConfigurationPlatforms) = postSolution
		{93BEB42D-D0C4-4D8A-BA38-96ED10487F44}.Debug|Any CPU.ActiveCfg = Debug|Any CPU
		{93BEB42D-D0C4-4D8A-BA38-96ED10487F44}.Debug|Any CPU.Build.0 = Debug|Any CPU
		{93BEB42D-D0C4-4D8A-BA38-96ED10487F44}.Release|Any CPU.ActiveCfg = Release|Any CPU
		{93BEB42D-D0C4-4D8A-BA38-96ED10487F44}.Release|Any CPU.Build.0 = Release|Any CPU
		{28015509-7C3A-419F-A866-EC47EE0C38A2}.Debug|Any CPU.ActiveCfg = Debug|Any CPU
		{28015509-7C3A-419F-A866-EC47EE0C38A2}.Debug|Any CPU.Build.0 = Debug|Any CPU
		{28015509-7C3A-419F-A866-EC47EE0C38A2}.Release|Any CPU.ActiveCfg = Release|Any CPU
		{28015509-7C3A-419F-A866-EC47EE0C38A2}.Release|Any CPU.Build.0 = Release|Any CPU
	EndGlobalSection
	GlobalSection(SolutionProperties) = preSolution
		HideSolutionNode = FALSE
	EndGlobalSection
	GlobalSection(ExtensibilityGlobals) = postSolution
		SolutionGuid = {88961A9F-FCCA-4F0B-A6F4-CDD52BBB4894}
	EndGlobalSection
EndGlobal
